
Microsoft Visual Studio Solution File, Format Version 12.00
# Visual Studio Version 16
VisualStudioVersion = 16.0.31025.194
MinimumVisualStudioVersion = 10.0.40219.1
Project("{8BC9CEB8-8B4A-11D0-8D11-00A0C91BC942}") = "K", "K\K.vcxproj", "{96EC2CF0-C0D6-42F9-928B-2AED454907CB}"
EndProject
Global
	GlobalSection(SolutionConfigurationPlatforms) = preSolution
		Debug|x64 = Debug|x64
		Debug|x86 = Debug|x86
		Release|x64 = Release|x64
		Release|x86 = Release|x86
	EndGlobalSection
	GlobalSection(ProjectConfigurationPlatforms) = postSolution
		{96EC2CF0-C0D6-42F9-928B-2AED454907CB}.Debug|x64.ActiveCfg = Debug|x64
		{96EC2CF0-C0D6-42F9-928B-2AED454907CB}.Debug|x64.Build.0 = Debug|x64
		{96EC2CF0-C0D6-42F9-928B-2AED454907CB}.Debug|x86.ActiveCfg = Debug|Win32
		{96EC2CF0-C0D6-42F9-928B-2AED454907CB}.Debug|x86.Build.0 = Debug|Win32
		{96EC2CF0-C0D6-42F9-928B-2AED454907CB}.Release|x64.ActiveCfg = Release|x64
		{96EC2CF0-C0D6-42F9-928B-2AED454907CB}.Release|x64.Build.0 = Release|x64
		{96EC2CF0-C0D6-42F9-928B-2AED454907CB}.Release|x86.ActiveCfg = Release|Win32
		{96EC2CF0-C0D6-42F9-928B-2AED454907CB}.Release|x86.Build.0 = Release|Win32
	EndGlobalSection
	GlobalSection(SolutionProperties) = preSolution
		HideSolutionNode = FALSE
	EndGlobalSection
	GlobalSection(ExtensibilityGlobals) = postSolution
		SolutionGuid = {5ED1022B-C4D4-47F2-9946-6F7CEF8C0CC5}
	EndGlobalSection
EndGlobal
